{
  "version": "3",
  "packages": {
    "specifiers": {
      "jsr:@std/assert@^0.220.1": "jsr:@std/assert@0.220.1",
      "jsr:@std/async@^0.220.1": "jsr:@std/async@0.220.1",
      "jsr:@std/data-structures@^0.220.1": "jsr:@std/data-structures@0.220.1",
      "jsr:@std/fmt@^0.220.1": "jsr:@std/fmt@0.220.1",
      "jsr:@std/testing@^0.220.1": "jsr:@std/testing@0.220.1",
      "npm:cron-parser@4.9.0": "npm:cron-parser@4.9.0"
    },
    "jsr": {
      "@std/assert@0.220.1": {
        "integrity": "88710d54f3afdd7a5761e7805abba1f56cd14e4b212feffeb3e73a9f77482425",
        "dependencies": [
          "jsr:@std/fmt@^0.220.1"
        ]
      },
      "@std/async@0.220.1": {
        "integrity": "61f0e9c53bf81f516aa7f54843f307eb5f05c5cf9902575a636ead162b5dfafe"
      },
      "@std/data-structures@0.220.1": {
        "integrity": "031c2982782f4284813c33f904d9e948fb369bc7f830d43fb05355c96a30435b"
      },
      "@std/fmt@0.220.1": {
        "integrity": "3b1a698477a26b1dacbbee26db1a65030a005c6d71db3b3a0e59f8a638f04d7a"
      },
      "@std/testing@0.220.1": {
        "integrity": "be77cc1df543f70217d450612637f9f6fcc6887f19fca89665ce08456ee1f290",
        "dependencies": [
          "jsr:@std/assert@^0.220.1",
          "jsr:@std/async@^0.220.1",
          "jsr:@std/data-structures@^0.220.1"
        ]
      }
    },
    "npm": {
      "cron-parser@4.9.0": {
        "integrity": "sha512-p0SaNjrHOnQeR8/VnfGbmg9te2kfyYSQ7Sc/j/6DtPL3JQvKxmjO9TSjNFpujqV3vEYYBvNNvXSxzyksBWAx1Q==",
        "dependencies": {
          "luxon": "luxon@3.4.4"
        }
      },
      "luxon@3.4.4": {
        "integrity": "sha512-zobTr7akeGHnv7eBOXcRgMeCP6+uyYsczwmeRCauvpvaAltgNyTbLH/+VaEAPUeWBT+1GuNmz4wC/6jtQzbbVA==",
        "dependencies": {}
      }
    }
  },
  "remote": {}
}
